
Microsoft Visual Studio Solution File, Format Version 12.00
# Visual Studio Version 16
VisualStudioVersion = 16.0.28803.202
MinimumVisualStudioVersion = 10.0.40219.1
Project("{FAE04EC0-301F-11D3-BF4B-00C04F79EFBC}") = "BlikPrismApp", "BlikPrismApp\BlikPrismApp\BlikPrismApp.csproj", "{76C9B8CD-C9EB-4B88-9820-202F0B34DD27}"
EndProject
Project("{FAE04EC0-301F-11D3-BF4B-00C04F79EFBC}") = "BlikPrismApp.Android", "BlikPrismApp\BlikPrismApp.Android\BlikPrismApp.Android.csproj", "{684706F9-A202-454D-AEF3-DAC82FE0DDB4}"
EndProject
Project("{FAE04EC0-301F-11D3-BF4B-00C04F79EFBC}") = "BlikPrismApp.iOS", "BlikPrismApp\BlikPrismApp.iOS\BlikPrismApp.iOS.csproj", "{20D6732B-0848-41D0-86FC-E615972EA09C}"
EndProject
Project("{2150E333-8FDC-42A3-9474-1A3956D46DE8}") = "Clients", "Clients", "{27690643-7227-44BC-94BA-9B2BFD97A1C8}"
EndProject
Project("{2150E333-8FDC-42A3-9474-1A3956D46DE8}") = "Tests", "Tests", "{02CE7925-27EE-4D1B-BDA1-89DC1ECF342D}"
EndProject
Project("{FAE04EC0-301F-11D3-BF4B-00C04F79EFBC}") = "BlikPrismApp.Tests", "BlikPrismApp.Tests\BlikPrismApp.Tests.csproj", "{1BBE9562-D16B-4037-B265-D8C3E829E1BB}"
EndProject
Global
	GlobalSection(SolutionConfigurationPlatforms) = preSolution
		Ad-Hoc|Any CPU = Ad-Hoc|Any CPU
		Ad-Hoc|iPhone = Ad-Hoc|iPhone
		Ad-Hoc|iPhoneSimulator = Ad-Hoc|iPhoneSimulator
		AppStore|Any CPU = AppStore|Any CPU
		AppStore|iPhone = AppStore|iPhone
		AppStore|iPhoneSimulator = AppStore|iPhoneSimulator
		Debug|Any CPU = Debug|Any CPU
		Debug|iPhone = Debug|iPhone
		Debug|iPhoneSimulator = Debug|iPhoneSimulator
		Release|Any CPU = Release|Any CPU
		Release|iPhone = Release|iPhone
		Release|iPhoneSimulator = Release|iPhoneSimulator
	EndGlobalSection
	GlobalSection(ProjectConfigurationPlatforms) = postSolution
		{76C9B8CD-C9EB-4B88-9820-202F0B34DD27}.Ad-Hoc|Any CPU.ActiveCfg = Debug|Any CPU
		{76C9B8CD-C9EB-4B88-9820-202F0B34DD27}.Ad-Hoc|Any CPU.Build.0 = Debug|Any CPU
		{76C9B8CD-C9EB-4B88-9820-202F0B34DD27}.Ad-Hoc|iPhone.ActiveCfg = Debug|Any CPU
		{76C9B8CD-C9EB-4B88-9820-202F0B34DD27}.Ad-Hoc|iPhone.Build.0 = Debug|Any CPU
		{76C9B8CD-C9EB-4B88-9820-202F0B34DD27}.Ad-Hoc|iPhoneSimulator.ActiveCfg = Debug|Any CPU
		{76C9B8CD-C9EB-4B88-9820-202F0B34DD27}.Ad-Hoc|iPhoneSimulator.Build.0 = Debug|Any CPU
		{76C9B8CD-C9EB-4B88-9820-202F0B34DD27}.AppStore|Any CPU.ActiveCfg = Debug|Any CPU
		{76C9B8CD-C9EB-4B88-9820-202F0B34DD27}.AppStore|Any CPU.Build.0 = Debug|Any CPU
		{76C9B8CD-C9EB-4B88-9820-202F0B34DD27}.AppStore|iPhone.ActiveCfg = Debug|Any CPU
		{76C9B8CD-C9EB-4B88-9820-202F0B34DD27}.AppStore|iPhone.Build.0 = Debug|Any CPU
		{76C9B8CD-C9EB-4B88-9820-202F0B34DD27}.AppStore|iPhoneSimulator.ActiveCfg = Debug|Any CPU
		{76C9B8CD-C9EB-4B88-9820-202F0B34DD27}.AppStore|iPhoneSimulator.Build.0 = Debug|Any CPU
		{76C9B8CD-C9EB-4B88-9820-202F0B34DD27}.Debug|Any CPU.ActiveCfg = Debug|Any CPU
		{76C9B8CD-C9EB-4B88-9820-202F0B34DD27}.Debug|Any CPU.Build.0 = Debug|Any CPU
		{76C9B8CD-C9EB-4B88-9820-202F0B34DD27}.Debug|iPhone.ActiveCfg = Debug|Any CPU
		{76C9B8CD-C9EB-4B88-9820-202F0B34DD27}.Debug|iPhone.Build.0 = Debug|Any CPU
		{76C9B8CD-C9EB-4B88-9820-202F0B34DD27}.Debug|iPhoneSimulator.ActiveCfg = Debug|Any CPU
		{76C9B8CD-C9EB-4B88-9820-202F0B34DD27}.Debug|iPhoneSimulator.Build.0 = Debug|Any CPU
		{76C9B8CD-C9EB-4B88-9820-202F0B34DD27}.Release|Any CPU.ActiveCfg = Release|Any CPU
		{76C9B8CD-C9EB-4B88-9820-202F0B34DD27}.Release|Any CPU.Build.0 = Release|Any CPU
		{76C9B8CD-C9EB-4B88-9820-202F0B34DD27}.Release|iPhone.ActiveCfg = Release|Any CPU
		{76C9B8CD-C9EB-4B88-9820-202F0B34DD27}.Release|iPhone.Build.0 = Release|Any CPU
		{76C9B8CD-C9EB-4B88-9820-202F0B34DD27}.Release|iPhoneSimulator.ActiveCfg = Release|Any CPU
		{76C9B8CD-C9EB-4B88-9820-202F0B34DD27}.Release|iPhoneSimulator.Build.0 = Release|Any CPU
		{684706F9-A202-454D-AEF3-DAC82FE0DDB4}.Ad-Hoc|Any CPU.ActiveCfg = Release|Any CPU
		{684706F9-A202-454D-AEF3-DAC82FE0DDB4}.Ad-Hoc|Any CPU.Build.0 = Release|Any CPU
		{684706F9-A202-454D-AEF3-DAC82FE0DDB4}.Ad-Hoc|Any CPU.Deploy.0 = Release|Any CPU
		{684706F9-A202-454D-AEF3-DAC82FE0DDB4}.Ad-Hoc|iPhone.ActiveCfg = Release|Any CPU
		{684706F9-A202-454D-AEF3-DAC82FE0DDB4}.Ad-Hoc|iPhone.Build.0 = Release|Any CPU
		{684706F9-A202-454D-AEF3-DAC82FE0DDB4}.Ad-Hoc|iPhone.Deploy.0 = Release|Any CPU
		{684706F9-A202-454D-AEF3-DAC82FE0DDB4}.Ad-Hoc|iPhoneSimulator.ActiveCfg = Release|Any CPU
		{684706F9-A202-454D-AEF3-DAC82FE0DDB4}.Ad-Hoc|iPhoneSimulator.Build.0 = Release|Any CPU
		{684706F9-A202-454D-AEF3-DAC82FE0DDB4}.Ad-Hoc|iPhoneSimulator.Deploy.0 = Release|Any CPU
		{684706F9-A202-454D-AEF3-DAC82FE0DDB4}.AppStore|Any CPU.ActiveCfg = Release|Any CPU
		{684706F9-A202-454D-AEF3-DAC82FE0DDB4}.AppStore|Any CPU.Build.0 = Release|Any CPU
		{684706F9-A202-454D-AEF3-DAC82FE0DDB4}.AppStore|Any CPU.Deploy.0 = Release|Any CPU
		{684706F9-A202-454D-AEF3-DAC82FE0DDB4}.AppStore|iPhone.ActiveCfg = Release|Any CPU
		{684706F9-A202-454D-AEF3-DAC82FE0DDB4}.AppStore|iPhone.Build.0 = Release|Any CPU
		{684706F9-A202-454D-AEF3-DAC82FE0DDB4}.AppStore|iPhone.Deploy.0 = Release|Any CPU
		{684706F9-A202-454D-AEF3-DAC82FE0DDB4}.AppStore|iPhoneSimulator.ActiveCfg = Release|Any CPU
		{684706F9-A202-454D-AEF3-DAC82FE0DDB4}.AppStore|iPhoneSimulator.Build.0 = Release|Any CPU
		{684706F9-A202-454D-AEF3-DAC82FE0DDB4}.AppStore|iPhoneSimulator.Deploy.0 = Release|Any CPU
		{684706F9-A202-454D-AEF3-DAC82FE0DDB4}.Debug|Any CPU.ActiveCfg = Debug|Any CPU
		{684706F9-A202-454D-AEF3-DAC82FE0DDB4}.Debug|Any CPU.Build.0 = Debug|Any CPU
		{684706F9-A202-454D-AEF3-DAC82FE0DDB4}.Debug|Any CPU.Deploy.0 = Debug|Any CPU
		{684706F9-A202-454D-AEF3-DAC82FE0DDB4}.Debug|iPhone.ActiveCfg = Debug|Any CPU
		{684706F9-A202-454D-AEF3-DAC82FE0DDB4}.Debug|iPhone.Build.0 = Debug|Any CPU
		{684706F9-A202-454D-AEF3-DAC82FE0DDB4}.Debug|iPhone.Deploy.0 = Debug|Any CPU
		{684706F9-A202-454D-AEF3-DAC82FE0DDB4}.Debug|iPhoneSimulator.ActiveCfg = Debug|Any CPU
		{684706F9-A202-454D-AEF3-DAC82FE0DDB4}.Debug|iPhoneSimulator.Build.0 = Debug|Any CPU
		{684706F9-A202-454D-AEF3-DAC82FE0DDB4}.Debug|iPhoneSimulator.Deploy.0 = Debug|Any CPU
		{684706F9-A202-454D-AEF3-DAC82FE0DDB4}.Release|Any CPU.ActiveCfg = Release|Any CPU
		{684706F9-A202-454D-AEF3-DAC82FE0DDB4}.Release|Any CPU.Build.0 = Release|Any CPU
		{684706F9-A202-454D-AEF3-DAC82FE0DDB4}.Release|Any CPU.Deploy.0 = Release|Any CPU
		{684706F9-A202-454D-AEF3-DAC82FE0DDB4}.Release|iPhone.ActiveCfg = Release|Any CPU
		{684706F9-A202-454D-AEF3-DAC82FE0DDB4}.Release|iPhone.Build.0 = Release|Any CPU
		{684706F9-A202-454D-AEF3-DAC82FE0DDB4}.Release|iPhone.Deploy.0 = Release|Any CPU
		{684706F9-A202-454D-AEF3-DAC82FE0DDB4}.Release|iPhoneSimulator.ActiveCfg = Release|Any CPU
		{684706F9-A202-454D-AEF3-DAC82FE0DDB4}.Release|iPhoneSimulator.Build.0 = Release|Any CPU
		{684706F9-A202-454D-AEF3-DAC82FE0DDB4}.Release|iPhoneSimulator.Deploy.0 = Release|Any CPU
		{20D6732B-0848-41D0-86FC-E615972EA09C}.Ad-Hoc|Any CPU.ActiveCfg = Ad-Hoc|iPhone
		{20D6732B-0848-41D0-86FC-E615972EA09C}.Ad-Hoc|iPhone.ActiveCfg = Ad-Hoc|iPhone
		{20D6732B-0848-41D0-86FC-E615972EA09C}.Ad-Hoc|iPhone.Build.0 = Ad-Hoc|iPhone
		{20D6732B-0848-41D0-86FC-E615972EA09C}.Ad-Hoc|iPhoneSimulator.ActiveCfg = Ad-Hoc|iPhoneSimulator
		{20D6732B-0848-41D0-86FC-E615972EA09C}.Ad-Hoc|iPhoneSimulator.Build.0 = Ad-Hoc|iPhoneSimulator
		{20D6732B-0848-41D0-86FC-E615972EA09C}.AppStore|Any CPU.ActiveCfg = AppStore|iPhone
		{20D6732B-0848-41D0-86FC-E615972EA09C}.AppStore|iPhone.ActiveCfg = AppStore|iPhone
		{20D6732B-0848-41D0-86FC-E615972EA09C}.AppStore|iPhone.Build.0 = AppStore|iPhone
		{20D6732B-0848-41D0-86FC-E615972EA09C}.AppStore|iPhoneSimulator.ActiveCfg = AppStore|iPhoneSimulator
		{20D6732B-0848-41D0-86FC-E615972EA09C}.AppStore|iPhoneSimulator.Build.0 = AppStore|iPhoneSimulator
		{20D6732B-0848-41D0-86FC-E615972EA09C}.Debug|Any CPU.ActiveCfg = Debug|iPhone
		{20D6732B-0848-41D0-86FC-E615972EA09C}.Debug|iPhone.ActiveCfg = Debug|iPhone
		{20D6732B-0848-41D0-86FC-E615972EA09C}.Debug|iPhone.Build.0 = Debug|iPhone
		{20D6732B-0848-41D0-86FC-E615972EA09C}.Debug|iPhoneSimulator.ActiveCfg = Debug|iPhoneSimulator
		{20D6732B-0848-41D0-86FC-E615972EA09C}.Debug|iPhoneSimulator.Build.0 = Debug|iPhoneSimulator
		{20D6732B-0848-41D0-86FC-E615972EA09C}.Release|Any CPU.ActiveCfg = Release|iPhone
		{20D6732B-0848-41D0-86FC-E615972EA09C}.Release|iPhone.ActiveCfg = Release|iPhone
		{20D6732B-0848-41D0-86FC-E615972EA09C}.Release|iPhone.Build.0 = Release|iPhone
		{20D6732B-0848-41D0-86FC-E615972EA09C}.Release|iPhoneSimulator.ActiveCfg = Release|iPhoneSimulator
		{20D6732B-0848-41D0-86FC-E615972EA09C}.Release|iPhoneSimulator.Build.0 = Release|iPhoneSimulator
		{1BBE9562-D16B-4037-B265-D8C3E829E1BB}.Ad-Hoc|Any CPU.ActiveCfg = Debug|Any CPU
		{1BBE9562-D16B-4037-B265-D8C3E829E1BB}.Ad-Hoc|Any CPU.Build.0 = Debug|Any CPU
		{1BBE9562-D16B-4037-B265-D8C3E829E1BB}.Ad-Hoc|iPhone.ActiveCfg = Debug|Any CPU
		{1BBE9562-D16B-4037-B265-D8C3E829E1BB}.Ad-Hoc|iPhone.Build.0 = Debug|Any CPU
		{1BBE9562-D16B-4037-B265-D8C3E829E1BB}.Ad-Hoc|iPhoneSimulator.ActiveCfg = Debug|Any CPU
		{1BBE9562-D16B-4037-B265-D8C3E829E1BB}.Ad-Hoc|iPhoneSimulator.Build.0 = Debug|Any CPU
		{1BBE9562-D16B-4037-B265-D8C3E829E1BB}.AppStore|Any CPU.ActiveCfg = Debug|Any CPU
		{1BBE9562-D16B-4037-B265-D8C3E829E1BB}.AppStore|Any CPU.Build.0 = Debug|Any CPU
		{1BBE9562-D16B-4037-B265-D8C3E829E1BB}.AppStore|iPhone.ActiveCfg = Debug|Any CPU
		{1BBE9562-D16B-4037-B265-D8C3E829E1BB}.AppStore|iPhone.Build.0 = Debug|Any CPU
		{1BBE9562-D16B-4037-B265-D8C3E829E1BB}.AppStore|iPhoneSimulator.ActiveCfg = Debug|Any CPU
		{1BBE9562-D16B-4037-B265-D8C3E829E1BB}.AppStore|iPhoneSimulator.Build.0 = Debug|Any CPU
		{1BBE9562-D16B-4037-B265-D8C3E829E1BB}.Debug|Any CPU.ActiveCfg = Debug|Any CPU
		{1BBE9562-D16B-4037-B265-D8C3E829E1BB}.Debug|Any CPU.Build.0 = Debug|Any CPU
		{1BBE9562-D16B-4037-B265-D8C3E829E1BB}.Debug|iPhone.ActiveCfg = Debug|Any CPU
		{1BBE9562-D16B-4037-B265-D8C3E829E1BB}.Debug|iPhone.Build.0 = Debug|Any CPU
		{1BBE9562-D16B-4037-B265-D8C3E829E1BB}.Debug|iPhoneSimulator.ActiveCfg = Debug|Any CPU
		{1BBE9562-D16B-4037-B265-D8C3E829E1BB}.Debug|iPhoneSimulator.Build.0 = Debug|Any CPU
		{1BBE9562-D16B-4037-B265-D8C3E829E1BB}.Release|Any CPU.ActiveCfg = Release|Any CPU
		{1BBE9562-D16B-4037-B265-D8C3E829E1BB}.Release|Any CPU.Build.0 = Release|Any CPU
		{1BBE9562-D16B-4037-B265-D8C3E829E1BB}.Release|iPhone.ActiveCfg = Release|Any CPU
		{1BBE9562-D16B-4037-B265-D8C3E829E1BB}.Release|iPhone.Build.0 = Release|Any CPU
		{1BBE9562-D16B-4037-B265-D8C3E829E1BB}.Release|iPhoneSimulator.ActiveCfg = Release|Any CPU
		{1BBE9562-D16B-4037-B265-D8C3E829E1BB}.Release|iPhoneSimulator.Build.0 = Release|Any CPU
	EndGlobalSection
	GlobalSection(SolutionProperties) = preSolution
		HideSolutionNode = FALSE
	EndGlobalSection
	GlobalSection(NestedProjects) = preSolution
		{684706F9-A202-454D-AEF3-DAC82FE0DDB4} = {27690643-7227-44BC-94BA-9B2BFD97A1C8}
		{20D6732B-0848-41D0-86FC-E615972EA09C} = {27690643-7227-44BC-94BA-9B2BFD97A1C8}
		{1BBE9562-D16B-4037-B265-D8C3E829E1BB} = {02CE7925-27EE-4D1B-BDA1-89DC1ECF342D}
	EndGlobalSection
	GlobalSection(ExtensibilityGlobals) = postSolution
		SolutionGuid = {929C23A3-8AF1-46ED-B0DB-C89290005485}
	EndGlobalSection
EndGlobal
